
Microsoft Visual Studio Solution File, Format Version 12.00
# Visual Studio Version 17
VisualStudioVersion = 17.8.34330.188
MinimumVisualStudioVersion = 10.0.40219.1
Project("{FAE04EC0-301F-11D3-BF4B-00C04F79EFBC}") = "Algorismus", "Algorismus\Algorismus.csproj", "{B7D84842-1432-4F8B-A694-DDD4B124959E}"
EndProject
Global
	GlobalSection(SolutionConfigurationPlatforms) = preSolution
		Debug|Any CPU = Debug|Any CPU
		Release|Any CPU = Release|Any CPU
	EndGlobalSection
	GlobalSection(ProjectConfigurationPlatforms) = postSolution
		{B7D84842-1432-4F8B-A694-DDD4B124959E}.Debug|Any CPU.ActiveCfg = Debug|Any CPU
		{B7D84842-1432-4F8B-A694-DDD4B124959E}.Debug|Any CPU.Build.0 = Debug|Any CPU
		{B7D84842-1432-4F8B-A694-DDD4B124959E}.Release|Any CPU.ActiveCfg = Release|Any CPU
		{B7D84842-1432-4F8B-A694-DDD4B124959E}.Release|Any CPU.Build.0 = Release|Any CPU
	EndGlobalSection
	GlobalSection(SolutionProperties) = preSolution
		HideSolutionNode = FALSE
	EndGlobalSection
	GlobalSection(ExtensibilityGlobals) = postSolution
		SolutionGuid = {2823676D-98B1-4E2B-9921-31D828B7C9FF}
	EndGlobalSection
EndGlobal
